
Microsoft Visual Studio Solution File, Format Version 12.00
# Visual Studio Version 17
VisualStudioVersion = 17.0.31903.59
MinimumVisualStudioVersion = 10.0.40219.1
Project("{2150E333-8FDC-42A3-9474-1A3956D46DE8}") = "src", "src", "{60D7412C-40C7-4332-8131-137E496163EF}"
EndProject
Project("{FAE04EC0-301F-11D3-BF4B-00C04F79EFBC}") = "Chirp.CLI", "src\Chirp.CLI\Chirp.CLI.csproj", "{7A960ABD-DF92-4749-9CA6-3BC42E502213}"
EndProject
Project("{FAE04EC0-301F-11D3-BF4B-00C04F79EFBC}") = "CSVDB", "src\CSVDB\CSVDB.csproj", "{DD6150BA-7D50-4E30-A763-5C22BE06FD9A}"
EndProject
Project("{FAE04EC0-301F-11D3-BF4B-00C04F79EFBC}") = "Chirp.CSVDBService", "src\CSVDBService\Chirp.CSVDBService.csproj", "{A57EB4A1-02CA-422A-8C69-F7649C349392}"
EndProject
Project("{2150E333-8FDC-42A3-9474-1A3956D46DE8}") = "test", "test", "{ADD907DE-454E-4A87-B4A5-837764B4CBC6}"
EndProject
Project("{FAE04EC0-301F-11D3-BF4B-00C04F79EFBC}") = "Chirp.CLI.Tests", "test\Chirp.CLI.Tests\Chirp.CLI.Tests.csproj", "{AE5B4003-1F01-4217-A4B7-EECD23B3EA77}"
EndProject
Project("{FAE04EC0-301F-11D3-BF4B-00C04F79EFBC}") = "Chirp.CSVDB.Tests", "test\Chirp.CSVDB.Tests\Chirp.CSVDB.Tests.csproj", "{02FE101E-6346-437D-99D2-FDF83A2C8BD8}"
EndProject
Global
	GlobalSection(SolutionConfigurationPlatforms) = preSolution
		Debug|Any CPU = Debug|Any CPU
		Release|Any CPU = Release|Any CPU
	EndGlobalSection
	GlobalSection(SolutionProperties) = preSolution
		HideSolutionNode = FALSE
	EndGlobalSection
	GlobalSection(ProjectConfigurationPlatforms) = postSolution
		{7A960ABD-DF92-4749-9CA6-3BC42E502213}.Debug|Any CPU.ActiveCfg = Debug|Any CPU
		{7A960ABD-DF92-4749-9CA6-3BC42E502213}.Debug|Any CPU.Build.0 = Debug|Any CPU
		{7A960ABD-DF92-4749-9CA6-3BC42E502213}.Release|Any CPU.ActiveCfg = Release|Any CPU
		{7A960ABD-DF92-4749-9CA6-3BC42E502213}.Release|Any CPU.Build.0 = Release|Any CPU
		{DD6150BA-7D50-4E30-A763-5C22BE06FD9A}.Debug|Any CPU.ActiveCfg = Debug|Any CPU
		{DD6150BA-7D50-4E30-A763-5C22BE06FD9A}.Debug|Any CPU.Build.0 = Debug|Any CPU
		{DD6150BA-7D50-4E30-A763-5C22BE06FD9A}.Release|Any CPU.ActiveCfg = Release|Any CPU
		{DD6150BA-7D50-4E30-A763-5C22BE06FD9A}.Release|Any CPU.Build.0 = Release|Any CPU
		{A57EB4A1-02CA-422A-8C69-F7649C349392}.Debug|Any CPU.ActiveCfg = Debug|Any CPU
		{A57EB4A1-02CA-422A-8C69-F7649C349392}.Debug|Any CPU.Build.0 = Debug|Any CPU
		{A57EB4A1-02CA-422A-8C69-F7649C349392}.Release|Any CPU.ActiveCfg = Release|Any CPU
		{A57EB4A1-02CA-422A-8C69-F7649C349392}.Release|Any CPU.Build.0 = Release|Any CPU
		{AE5B4003-1F01-4217-A4B7-EECD23B3EA77}.Debug|Any CPU.ActiveCfg = Debug|Any CPU
		{AE5B4003-1F01-4217-A4B7-EECD23B3EA77}.Debug|Any CPU.Build.0 = Debug|Any CPU
		{AE5B4003-1F01-4217-A4B7-EECD23B3EA77}.Release|Any CPU.ActiveCfg = Release|Any CPU
		{AE5B4003-1F01-4217-A4B7-EECD23B3EA77}.Release|Any CPU.Build.0 = Release|Any CPU
		{02FE101E-6346-437D-99D2-FDF83A2C8BD8}.Debug|Any CPU.ActiveCfg = Debug|Any CPU
		{02FE101E-6346-437D-99D2-FDF83A2C8BD8}.Debug|Any CPU.Build.0 = Debug|Any CPU
		{02FE101E-6346-437D-99D2-FDF83A2C8BD8}.Release|Any CPU.ActiveCfg = Release|Any CPU
		{02FE101E-6346-437D-99D2-FDF83A2C8BD8}.Release|Any CPU.Build.0 = Release|Any CPU
	EndGlobalSection
	GlobalSection(NestedProjects) = preSolution
		{7A960ABD-DF92-4749-9CA6-3BC42E502213} = {60D7412C-40C7-4332-8131-137E496163EF}
		{DD6150BA-7D50-4E30-A763-5C22BE06FD9A} = {60D7412C-40C7-4332-8131-137E496163EF}
		{A57EB4A1-02CA-422A-8C69-F7649C349392} = {60D7412C-40C7-4332-8131-137E496163EF}
		{AE5B4003-1F01-4217-A4B7-EECD23B3EA77} = {ADD907DE-454E-4A87-B4A5-837764B4CBC6}
		{02FE101E-6346-437D-99D2-FDF83A2C8BD8} = {ADD907DE-454E-4A87-B4A5-837764B4CBC6}
	EndGlobalSection
EndGlobal
