
Microsoft Visual Studio Solution File, Format Version 12.00
# Visual Studio Version 17
VisualStudioVersion = 17.0.31903.59
MinimumVisualStudioVersion = 10.0.40219.1
Project("{2150E333-8FDC-42A3-9474-1A3956D46DE8}") = "src", "src", "{4A65A498-A008-4E66-BC3F-6EDE2CEBC762}"
EndProject
Project("{2150E333-8FDC-42A3-9474-1A3956D46DE8}") = "tests", "tests", "{8DF6EC1E-B8F5-4921-8CD0-D4CEB9E6914C}"
EndProject
Project("{FAE04EC0-301F-11D3-BF4B-00C04F79EFBC}") = "TestAPI", "tests\TestAPI\TestAPI.csproj", "{736DA52F-7B2F-4FEA-98B2-40F52FAFFFF9}"
EndProject
Project("{FAE04EC0-301F-11D3-BF4B-00C04F79EFBC}") = "Chirp.DBFacade.Tests", "tests\Chirp.DBFacade.Tests\Chirp.DBFacade.Tests.csproj", "{F3A1DF63-F770-4237-A91E-F5234C5EDE52}"
EndProject
Project("{FAE04EC0-301F-11D3-BF4B-00C04F79EFBC}") = "Chirp.CheepViewModel.Tests", "tests\Chirp.CheepViewModel.Tests\Chirp.CheepViewModel.Tests.csproj", "{872D8F36-D60A-46CD-887F-2F68BE2ABA7F}"
EndProject
Project("{FAE04EC0-301F-11D3-BF4B-00C04F79EFBC}") = "Chirp.Web", "src\Chirp.Web\Chirp.Web.csproj", "{1FBB5298-BC49-471C-A826-3627B743F76D}"
EndProject
Project("{FAE04EC0-301F-11D3-BF4B-00C04F79EFBC}") = "Chirp.Infrastucture", "src\Chirp.Infrastucture\Chirp.Infrastucture.csproj", "{1B5AA366-0545-4210-921D-D6D3276B57FD}"
EndProject
Project("{FAE04EC0-301F-11D3-BF4B-00C04F79EFBC}") = "Chirp.Core", "src\Chirp.Core\Chirp.Core.csproj", "{A2CAD9A4-78F7-4BC6-8DA5-FEC321A5BACA}"
EndProject
Global
	GlobalSection(SolutionConfigurationPlatforms) = preSolution
		Debug|Any CPU = Debug|Any CPU
		Release|Any CPU = Release|Any CPU
	EndGlobalSection
	GlobalSection(SolutionProperties) = preSolution
		HideSolutionNode = FALSE
	EndGlobalSection
	GlobalSection(ProjectConfigurationPlatforms) = postSolution
		{736DA52F-7B2F-4FEA-98B2-40F52FAFFFF9}.Debug|Any CPU.ActiveCfg = Debug|Any CPU
		{736DA52F-7B2F-4FEA-98B2-40F52FAFFFF9}.Debug|Any CPU.Build.0 = Debug|Any CPU
		{736DA52F-7B2F-4FEA-98B2-40F52FAFFFF9}.Release|Any CPU.ActiveCfg = Release|Any CPU
		{736DA52F-7B2F-4FEA-98B2-40F52FAFFFF9}.Release|Any CPU.Build.0 = Release|Any CPU
		{F3A1DF63-F770-4237-A91E-F5234C5EDE52}.Debug|Any CPU.ActiveCfg = Debug|Any CPU
		{F3A1DF63-F770-4237-A91E-F5234C5EDE52}.Debug|Any CPU.Build.0 = Debug|Any CPU
		{F3A1DF63-F770-4237-A91E-F5234C5EDE52}.Release|Any CPU.ActiveCfg = Release|Any CPU
		{F3A1DF63-F770-4237-A91E-F5234C5EDE52}.Release|Any CPU.Build.0 = Release|Any CPU
		{872D8F36-D60A-46CD-887F-2F68BE2ABA7F}.Debug|Any CPU.ActiveCfg = Debug|Any CPU
		{872D8F36-D60A-46CD-887F-2F68BE2ABA7F}.Debug|Any CPU.Build.0 = Debug|Any CPU
		{872D8F36-D60A-46CD-887F-2F68BE2ABA7F}.Release|Any CPU.ActiveCfg = Release|Any CPU
		{872D8F36-D60A-46CD-887F-2F68BE2ABA7F}.Release|Any CPU.Build.0 = Release|Any CPU
		{1FBB5298-BC49-471C-A826-3627B743F76D}.Debug|Any CPU.ActiveCfg = Debug|Any CPU
		{1FBB5298-BC49-471C-A826-3627B743F76D}.Debug|Any CPU.Build.0 = Debug|Any CPU
		{1FBB5298-BC49-471C-A826-3627B743F76D}.Release|Any CPU.ActiveCfg = Release|Any CPU
		{1FBB5298-BC49-471C-A826-3627B743F76D}.Release|Any CPU.Build.0 = Release|Any CPU
		{1B5AA366-0545-4210-921D-D6D3276B57FD}.Debug|Any CPU.ActiveCfg = Debug|Any CPU
		{1B5AA366-0545-4210-921D-D6D3276B57FD}.Debug|Any CPU.Build.0 = Debug|Any CPU
		{1B5AA366-0545-4210-921D-D6D3276B57FD}.Release|Any CPU.ActiveCfg = Release|Any CPU
		{1B5AA366-0545-4210-921D-D6D3276B57FD}.Release|Any CPU.Build.0 = Release|Any CPU
		{A2CAD9A4-78F7-4BC6-8DA5-FEC321A5BACA}.Debug|Any CPU.ActiveCfg = Debug|Any CPU
		{A2CAD9A4-78F7-4BC6-8DA5-FEC321A5BACA}.Debug|Any CPU.Build.0 = Debug|Any CPU
		{A2CAD9A4-78F7-4BC6-8DA5-FEC321A5BACA}.Release|Any CPU.ActiveCfg = Release|Any CPU
		{A2CAD9A4-78F7-4BC6-8DA5-FEC321A5BACA}.Release|Any CPU.Build.0 = Release|Any CPU
	EndGlobalSection
	GlobalSection(NestedProjects) = preSolution
		{736DA52F-7B2F-4FEA-98B2-40F52FAFFFF9} = {8DF6EC1E-B8F5-4921-8CD0-D4CEB9E6914C}
		{F3A1DF63-F770-4237-A91E-F5234C5EDE52} = {8DF6EC1E-B8F5-4921-8CD0-D4CEB9E6914C}
		{872D8F36-D60A-46CD-887F-2F68BE2ABA7F} = {8DF6EC1E-B8F5-4921-8CD0-D4CEB9E6914C}
		{1FBB5298-BC49-471C-A826-3627B743F76D} = {4A65A498-A008-4E66-BC3F-6EDE2CEBC762}
		{1B5AA366-0545-4210-921D-D6D3276B57FD} = {4A65A498-A008-4E66-BC3F-6EDE2CEBC762}
		{A2CAD9A4-78F7-4BC6-8DA5-FEC321A5BACA} = {4A65A498-A008-4E66-BC3F-6EDE2CEBC762}
	EndGlobalSection
EndGlobal
